
Microsoft Visual Studio Solution File, Format Version 12.00
# Visual Studio Version 17
VisualStudioVersion = 17.3.32901.215
MinimumVisualStudioVersion = 10.0.40219.1
Project("{FAE04EC0-301F-11D3-BF4B-00C04F79EFBC}") = "Kalkulator", "Kalkulator\Kalkulator.csproj", "{BDCB9551-EDA0-4E39-9A1F-AEC11374A9E8}"
EndProject
Global
	GlobalSection(SolutionConfigurationPlatforms) = preSolution
		Debug|Any CPU = Debug|Any CPU
		Release|Any CPU = Release|Any CPU
	EndGlobalSection
	GlobalSection(ProjectConfigurationPlatforms) = postSolution
		{BDCB9551-EDA0-4E39-9A1F-AEC11374A9E8}.Debug|Any CPU.ActiveCfg = Debug|Any CPU
		{BDCB9551-EDA0-4E39-9A1F-AEC11374A9E8}.Debug|Any CPU.Build.0 = Debug|Any CPU
		{BDCB9551-EDA0-4E39-9A1F-AEC11374A9E8}.Release|Any CPU.ActiveCfg = Release|Any CPU
		{BDCB9551-EDA0-4E39-9A1F-AEC11374A9E8}.Release|Any CPU.Build.0 = Release|Any CPU
	EndGlobalSection
	GlobalSection(SolutionProperties) = preSolution
		HideSolutionNode = FALSE
	EndGlobalSection
	GlobalSection(ExtensibilityGlobals) = postSolution
		SolutionGuid = {F8156123-781D-4D08-B77B-F648072AD13B}
	EndGlobalSection
EndGlobal
